
Microsoft Visual Studio Solution File, Format Version 11.00
# Visual Studio 2010
Project("{FAE04EC0-301F-11D3-BF4B-00C04F79EFBC}") = "GoogleMapsInterfaceService", "GoogleMapsInterfaceService\GoogleMapsInterfaceService.csproj", "{B2FF034E-0386-4D17-8151-D611E1324764}"
EndProject
Project("{FAE04EC0-301F-11D3-BF4B-00C04F79EFBC}") = "MedicalLocator.WebFront", "MedicalLocator.WebFront\MedicalLocator.WebFront.csproj", "{DF001E24-CFC0-4AC5-B498-524055B706D9}"
EndProject
Project("{FAE04EC0-301F-11D3-BF4B-00C04F79EFBC}") = "ServicesHost", "ServicesHost\ServicesHost.csproj", "{4F8EF10A-8B48-4EF3-9DAA-A39E2FC31BBB}"
EndProject
Project("{FAE04EC0-301F-11D3-BF4B-00C04F79EFBC}") = "CommonModel", "CommonModel\CommonModel.csproj", "{CC601095-34F4-4E8C-BAF8-18D17D765174}"
EndProject
Project("{FAE04EC0-301F-11D3-BF4B-00C04F79EFBC}") = "MedicalLocator.Mobile", "MedicalLocator.Mobile\MedicalLocator.Mobile.csproj", "{3E7C7BEC-D3FA-4BEC-9C62-F37D84124FA0}"
EndProject
Project("{FAE04EC0-301F-11D3-BF4B-00C04F79EFBC}") = "AuthenticationService", "AuthenticationService\AuthenticationService.csproj", "{3B0090B6-8057-486D-99CF-DDA1F850676F}"
EndProject
Global
	GlobalSection(SolutionConfigurationPlatforms) = preSolution
		Debug|Any CPU = Debug|Any CPU
		Debug|Mixed Platforms = Debug|Mixed Platforms
		Debug|x86 = Debug|x86
		Release|Any CPU = Release|Any CPU
		Release|Mixed Platforms = Release|Mixed Platforms
		Release|x86 = Release|x86
	EndGlobalSection
	GlobalSection(ProjectConfigurationPlatforms) = postSolution
		{B2FF034E-0386-4D17-8151-D611E1324764}.Debug|Any CPU.ActiveCfg = Debug|Any CPU
		{B2FF034E-0386-4D17-8151-D611E1324764}.Debug|Any CPU.Build.0 = Debug|Any CPU
		{B2FF034E-0386-4D17-8151-D611E1324764}.Debug|Mixed Platforms.ActiveCfg = Debug|Any CPU
		{B2FF034E-0386-4D17-8151-D611E1324764}.Debug|Mixed Platforms.Build.0 = Debug|Any CPU
		{B2FF034E-0386-4D17-8151-D611E1324764}.Debug|x86.ActiveCfg = Debug|Any CPU
		{B2FF034E-0386-4D17-8151-D611E1324764}.Release|Any CPU.ActiveCfg = Release|Any CPU
		{B2FF034E-0386-4D17-8151-D611E1324764}.Release|Any CPU.Build.0 = Release|Any CPU
		{B2FF034E-0386-4D17-8151-D611E1324764}.Release|Mixed Platforms.ActiveCfg = Release|Any CPU
		{B2FF034E-0386-4D17-8151-D611E1324764}.Release|Mixed Platforms.Build.0 = Release|Any CPU
		{B2FF034E-0386-4D17-8151-D611E1324764}.Release|x86.ActiveCfg = Release|Any CPU
		{DF001E24-CFC0-4AC5-B498-524055B706D9}.Debug|Any CPU.ActiveCfg = Debug|Any CPU
		{DF001E24-CFC0-4AC5-B498-524055B706D9}.Debug|Any CPU.Build.0 = Debug|Any CPU
		{DF001E24-CFC0-4AC5-B498-524055B706D9}.Debug|Mixed Platforms.ActiveCfg = Debug|Any CPU
		{DF001E24-CFC0-4AC5-B498-524055B706D9}.Debug|Mixed Platforms.Build.0 = Debug|Any CPU
		{DF001E24-CFC0-4AC5-B498-524055B706D9}.Debug|x86.ActiveCfg = Debug|Any CPU
		{DF001E24-CFC0-4AC5-B498-524055B706D9}.Release|Any CPU.ActiveCfg = Release|Any CPU
		{DF001E24-CFC0-4AC5-B498-524055B706D9}.Release|Any CPU.Build.0 = Release|Any CPU
		{DF001E24-CFC0-4AC5-B498-524055B706D9}.Release|Mixed Platforms.ActiveCfg = Release|Any CPU
		{DF001E24-CFC0-4AC5-B498-524055B706D9}.Release|Mixed Platforms.Build.0 = Release|Any CPU
		{DF001E24-CFC0-4AC5-B498-524055B706D9}.Release|x86.ActiveCfg = Release|Any CPU
		{4F8EF10A-8B48-4EF3-9DAA-A39E2FC31BBB}.Debug|Any CPU.ActiveCfg = Debug|x86
		{4F8EF10A-8B48-4EF3-9DAA-A39E2FC31BBB}.Debug|Mixed Platforms.ActiveCfg = Debug|x86
		{4F8EF10A-8B48-4EF3-9DAA-A39E2FC31BBB}.Debug|Mixed Platforms.Build.0 = Debug|x86
		{4F8EF10A-8B48-4EF3-9DAA-A39E2FC31BBB}.Debug|x86.ActiveCfg = Debug|x86
		{4F8EF10A-8B48-4EF3-9DAA-A39E2FC31BBB}.Debug|x86.Build.0 = Debug|x86
		{4F8EF10A-8B48-4EF3-9DAA-A39E2FC31BBB}.Release|Any CPU.ActiveCfg = Release|x86
		{4F8EF10A-8B48-4EF3-9DAA-A39E2FC31BBB}.Release|Mixed Platforms.ActiveCfg = Release|x86
		{4F8EF10A-8B48-4EF3-9DAA-A39E2FC31BBB}.Release|Mixed Platforms.Build.0 = Release|x86
		{4F8EF10A-8B48-4EF3-9DAA-A39E2FC31BBB}.Release|x86.ActiveCfg = Release|x86
		{4F8EF10A-8B48-4EF3-9DAA-A39E2FC31BBB}.Release|x86.Build.0 = Release|x86
		{CC601095-34F4-4E8C-BAF8-18D17D765174}.Debug|Any CPU.ActiveCfg = Debug|Any CPU
		{CC601095-34F4-4E8C-BAF8-18D17D765174}.Debug|Any CPU.Build.0 = Debug|Any CPU
		{CC601095-34F4-4E8C-BAF8-18D17D765174}.Debug|Mixed Platforms.ActiveCfg = Debug|Any CPU
		{CC601095-34F4-4E8C-BAF8-18D17D765174}.Debug|Mixed Platforms.Build.0 = Debug|Any CPU
		{CC601095-34F4-4E8C-BAF8-18D17D765174}.Debug|x86.ActiveCfg = Debug|Any CPU
		{CC601095-34F4-4E8C-BAF8-18D17D765174}.Release|Any CPU.ActiveCfg = Release|Any CPU
		{CC601095-34F4-4E8C-BAF8-18D17D765174}.Release|Any CPU.Build.0 = Release|Any CPU
		{CC601095-34F4-4E8C-BAF8-18D17D765174}.Release|Mixed Platforms.ActiveCfg = Release|Any CPU
		{CC601095-34F4-4E8C-BAF8-18D17D765174}.Release|Mixed Platforms.Build.0 = Release|Any CPU
		{CC601095-34F4-4E8C-BAF8-18D17D765174}.Release|x86.ActiveCfg = Release|Any CPU
		{3E7C7BEC-D3FA-4BEC-9C62-F37D84124FA0}.Debug|Any CPU.ActiveCfg = Debug|Any CPU
		{3E7C7BEC-D3FA-4BEC-9C62-F37D84124FA0}.Debug|Any CPU.Build.0 = Debug|Any CPU
		{3E7C7BEC-D3FA-4BEC-9C62-F37D84124FA0}.Debug|Any CPU.Deploy.0 = Debug|Any CPU
		{3E7C7BEC-D3FA-4BEC-9C62-F37D84124FA0}.Debug|Mixed Platforms.ActiveCfg = Debug|Any CPU
		{3E7C7BEC-D3FA-4BEC-9C62-F37D84124FA0}.Debug|Mixed Platforms.Build.0 = Debug|Any CPU
		{3E7C7BEC-D3FA-4BEC-9C62-F37D84124FA0}.Debug|Mixed Platforms.Deploy.0 = Debug|Any CPU
		{3E7C7BEC-D3FA-4BEC-9C62-F37D84124FA0}.Debug|x86.ActiveCfg = Debug|Any CPU
		{3E7C7BEC-D3FA-4BEC-9C62-F37D84124FA0}.Release|Any CPU.ActiveCfg = Release|Any CPU
		{3E7C7BEC-D3FA-4BEC-9C62-F37D84124FA0}.Release|Any CPU.Build.0 = Release|Any CPU
		{3E7C7BEC-D3FA-4BEC-9C62-F37D84124FA0}.Release|Any CPU.Deploy.0 = Release|Any CPU
		{3E7C7BEC-D3FA-4BEC-9C62-F37D84124FA0}.Release|Mixed Platforms.ActiveCfg = Release|Any CPU
		{3E7C7BEC-D3FA-4BEC-9C62-F37D84124FA0}.Release|Mixed Platforms.Build.0 = Release|Any CPU
		{3E7C7BEC-D3FA-4BEC-9C62-F37D84124FA0}.Release|Mixed Platforms.Deploy.0 = Release|Any CPU
		{3E7C7BEC-D3FA-4BEC-9C62-F37D84124FA0}.Release|x86.ActiveCfg = Release|Any CPU
		{3B0090B6-8057-486D-99CF-DDA1F850676F}.Debug|Any CPU.ActiveCfg = Debug|Any CPU
		{3B0090B6-8057-486D-99CF-DDA1F850676F}.Debug|Any CPU.Build.0 = Debug|Any CPU
		{3B0090B6-8057-486D-99CF-DDA1F850676F}.Debug|Mixed Platforms.ActiveCfg = Debug|Any CPU
		{3B0090B6-8057-486D-99CF-DDA1F850676F}.Debug|Mixed Platforms.Build.0 = Debug|Any CPU
		{3B0090B6-8057-486D-99CF-DDA1F850676F}.Debug|x86.ActiveCfg = Debug|Any CPU
		{3B0090B6-8057-486D-99CF-DDA1F850676F}.Release|Any CPU.ActiveCfg = Release|Any CPU
		{3B0090B6-8057-486D-99CF-DDA1F850676F}.Release|Any CPU.Build.0 = Release|Any CPU
		{3B0090B6-8057-486D-99CF-DDA1F850676F}.Release|Mixed Platforms.ActiveCfg = Release|Any CPU
		{3B0090B6-8057-486D-99CF-DDA1F850676F}.Release|Mixed Platforms.Build.0 = Release|Any CPU
		{3B0090B6-8057-486D-99CF-DDA1F850676F}.Release|x86.ActiveCfg = Release|Any CPU
	EndGlobalSection
	GlobalSection(SolutionProperties) = preSolution
		HideSolutionNode = FALSE
	EndGlobalSection
EndGlobal
